
Microsoft Visual Studio Solution File, Format Version 12.00
# Visual Studio Version 17
VisualStudioVersion = 17.0.31903.59
MinimumVisualStudioVersion = 10.0.40219.1
Project("{FAE04EC0-301F-11D3-BF4B-00C04F79EFBC}") = "task08", "task08\task08.csproj", "{D64F17EC-7EBE-4D63-8341-908935DFAD32}"
EndProject
Project("{FAE04EC0-301F-11D3-BF4B-00C04F79EFBC}") = "task08test", "task08test\task08test.csproj", "{6D2A09D8-52DC-4CBE-8EF5-2256D4C4A7EC}"
EndProject
Global
	GlobalSection(SolutionConfigurationPlatforms) = preSolution
		Debug|Any CPU = Debug|Any CPU
		Debug|x64 = Debug|x64
		Debug|x86 = Debug|x86
		Release|Any CPU = Release|Any CPU
		Release|x64 = Release|x64
		Release|x86 = Release|x86
	EndGlobalSection
	GlobalSection(ProjectConfigurationPlatforms) = postSolution
		{D64F17EC-7EBE-4D63-8341-908935DFAD32}.Debug|Any CPU.ActiveCfg = Debug|Any CPU
		{D64F17EC-7EBE-4D63-8341-908935DFAD32}.Debug|Any CPU.Build.0 = Debug|Any CPU
		{D64F17EC-7EBE-4D63-8341-908935DFAD32}.Debug|x64.ActiveCfg = Debug|Any CPU
		{D64F17EC-7EBE-4D63-8341-908935DFAD32}.Debug|x64.Build.0 = Debug|Any CPU
		{D64F17EC-7EBE-4D63-8341-908935DFAD32}.Debug|x86.ActiveCfg = Debug|Any CPU
		{D64F17EC-7EBE-4D63-8341-908935DFAD32}.Debug|x86.Build.0 = Debug|Any CPU
		{D64F17EC-7EBE-4D63-8341-908935DFAD32}.Release|Any CPU.ActiveCfg = Release|Any CPU
		{D64F17EC-7EBE-4D63-8341-908935DFAD32}.Release|Any CPU.Build.0 = Release|Any CPU
		{D64F17EC-7EBE-4D63-8341-908935DFAD32}.Release|x64.ActiveCfg = Release|Any CPU
		{D64F17EC-7EBE-4D63-8341-908935DFAD32}.Release|x64.Build.0 = Release|Any CPU
		{D64F17EC-7EBE-4D63-8341-908935DFAD32}.Release|x86.ActiveCfg = Release|Any CPU
		{D64F17EC-7EBE-4D63-8341-908935DFAD32}.Release|x86.Build.0 = Release|Any CPU
		{6D2A09D8-52DC-4CBE-8EF5-2256D4C4A7EC}.Debug|Any CPU.ActiveCfg = Debug|Any CPU
		{6D2A09D8-52DC-4CBE-8EF5-2256D4C4A7EC}.Debug|Any CPU.Build.0 = Debug|Any CPU
		{6D2A09D8-52DC-4CBE-8EF5-2256D4C4A7EC}.Debug|x64.ActiveCfg = Debug|Any CPU
		{6D2A09D8-52DC-4CBE-8EF5-2256D4C4A7EC}.Debug|x64.Build.0 = Debug|Any CPU
		{6D2A09D8-52DC-4CBE-8EF5-2256D4C4A7EC}.Debug|x86.ActiveCfg = Debug|Any CPU
		{6D2A09D8-52DC-4CBE-8EF5-2256D4C4A7EC}.Debug|x86.Build.0 = Debug|Any CPU
		{6D2A09D8-52DC-4CBE-8EF5-2256D4C4A7EC}.Release|Any CPU.ActiveCfg = Release|Any CPU
		{6D2A09D8-52DC-4CBE-8EF5-2256D4C4A7EC}.Release|Any CPU.Build.0 = Release|Any CPU
		{6D2A09D8-52DC-4CBE-8EF5-2256D4C4A7EC}.Release|x64.ActiveCfg = Release|Any CPU
		{6D2A09D8-52DC-4CBE-8EF5-2256D4C4A7EC}.Release|x64.Build.0 = Release|Any CPU
		{6D2A09D8-52DC-4CBE-8EF5-2256D4C4A7EC}.Release|x86.ActiveCfg = Release|Any CPU
		{6D2A09D8-52DC-4CBE-8EF5-2256D4C4A7EC}.Release|x86.Build.0 = Release|Any CPU
	EndGlobalSection
	GlobalSection(SolutionProperties) = preSolution
		HideSolutionNode = FALSE
	EndGlobalSection
EndGlobal
