
Microsoft Visual Studio Solution File, Format Version 12.00
# Visual Studio Version 17
VisualStudioVersion = 17.0.31903.59
MinimumVisualStudioVersion = 10.0.40219.1
Project("{FAE04EC0-301F-11D3-BF4B-00C04F79EFBC}") = "task01", "task01\task01.csproj", "{89FE52D8-C64A-49BC-8990-9899D2CB803F}"
EndProject
Project("{FAE04EC0-301F-11D3-BF4B-00C04F79EFBC}") = "task01tests", "task01tests\task01tests.csproj", "{526C5DB5-6277-481D-9865-31951DD8C244}"
EndProject
Global
	GlobalSection(SolutionConfigurationPlatforms) = preSolution
		Debug|Any CPU = Debug|Any CPU
		Debug|x64 = Debug|x64
		Debug|x86 = Debug|x86
		Release|Any CPU = Release|Any CPU
		Release|x64 = Release|x64
		Release|x86 = Release|x86
	EndGlobalSection
	GlobalSection(ProjectConfigurationPlatforms) = postSolution
		{89FE52D8-C64A-49BC-8990-9899D2CB803F}.Debug|Any CPU.ActiveCfg = Debug|Any CPU
		{89FE52D8-C64A-49BC-8990-9899D2CB803F}.Debug|Any CPU.Build.0 = Debug|Any CPU
		{89FE52D8-C64A-49BC-8990-9899D2CB803F}.Debug|x64.ActiveCfg = Debug|Any CPU
		{89FE52D8-C64A-49BC-8990-9899D2CB803F}.Debug|x64.Build.0 = Debug|Any CPU
		{89FE52D8-C64A-49BC-8990-9899D2CB803F}.Debug|x86.ActiveCfg = Debug|Any CPU
		{89FE52D8-C64A-49BC-8990-9899D2CB803F}.Debug|x86.Build.0 = Debug|Any CPU
		{89FE52D8-C64A-49BC-8990-9899D2CB803F}.Release|Any CPU.ActiveCfg = Release|Any CPU
		{89FE52D8-C64A-49BC-8990-9899D2CB803F}.Release|Any CPU.Build.0 = Release|Any CPU
		{89FE52D8-C64A-49BC-8990-9899D2CB803F}.Release|x64.ActiveCfg = Release|Any CPU
		{89FE52D8-C64A-49BC-8990-9899D2CB803F}.Release|x64.Build.0 = Release|Any CPU
		{89FE52D8-C64A-49BC-8990-9899D2CB803F}.Release|x86.ActiveCfg = Release|Any CPU
		{89FE52D8-C64A-49BC-8990-9899D2CB803F}.Release|x86.Build.0 = Release|Any CPU
		{526C5DB5-6277-481D-9865-31951DD8C244}.Debug|Any CPU.ActiveCfg = Debug|Any CPU
		{526C5DB5-6277-481D-9865-31951DD8C244}.Debug|Any CPU.Build.0 = Debug|Any CPU
		{526C5DB5-6277-481D-9865-31951DD8C244}.Debug|x64.ActiveCfg = Debug|Any CPU
		{526C5DB5-6277-481D-9865-31951DD8C244}.Debug|x64.Build.0 = Debug|Any CPU
		{526C5DB5-6277-481D-9865-31951DD8C244}.Debug|x86.ActiveCfg = Debug|Any CPU
		{526C5DB5-6277-481D-9865-31951DD8C244}.Debug|x86.Build.0 = Debug|Any CPU
		{526C5DB5-6277-481D-9865-31951DD8C244}.Release|Any CPU.ActiveCfg = Release|Any CPU
		{526C5DB5-6277-481D-9865-31951DD8C244}.Release|Any CPU.Build.0 = Release|Any CPU
		{526C5DB5-6277-481D-9865-31951DD8C244}.Release|x64.ActiveCfg = Release|Any CPU
		{526C5DB5-6277-481D-9865-31951DD8C244}.Release|x64.Build.0 = Release|Any CPU
		{526C5DB5-6277-481D-9865-31951DD8C244}.Release|x86.ActiveCfg = Release|Any CPU
		{526C5DB5-6277-481D-9865-31951DD8C244}.Release|x86.Build.0 = Release|Any CPU
	EndGlobalSection
	GlobalSection(SolutionProperties) = preSolution
		HideSolutionNode = FALSE
	EndGlobalSection
EndGlobal
